// !$*UTF8*$!
{
	archiveVersion = 1;
	classes = {
	};
	objectVersion = 46;
	objects = {

/* Begin PBXBuildFile section */
		E225490E15F6289A00160073 /* SyPImage.m in Sources */ = {isa = PBXBuildFile; fileRef = E225490D15F6289A00160073 /* SyPImage.m */; };
		E225491215F62C6800160073 /* SyPImageBuffer.m in Sources */ = {isa = PBXBuildFile; fileRef = E225491115F62C6800160073 /* SyPImageBuffer.m */; };
		E225491515F62DD200160073 /* SyPCanonEVFImageBuffer.m in Sources */ = {isa = PBXBuildFile; fileRef = E225491415F62DD200160073 /* SyPCanonEVFImageBuffer.m */; };
		E225493015F751BF00160073 /* Syphon.framework in Frameworks */ = {isa = PBXBuildFile; fileRef = E225492F15F751BF00160073 /* Syphon.framework */; };
		E225494015F7531700160073 /* OpenGL.framework in Frameworks */ = {isa = PBXBuildFile; fileRef = E225493F15F7531700160073 /* OpenGL.framework */; };
		E225494115F7569900160073 /* Syphon.framework in CopyFiles */ = {isa = PBXBuildFile; fileRef = E225492F15F751BF00160073 /* Syphon.framework */; settings = {ATTRIBUTES = (CodeSignOnCopy, ); }; };
		E227AE3C1651D6B60045679D /* SyPToolbarDelegate.m in Sources */ = {isa = PBXBuildFile; fileRef = E227AE3B1651D6B60045679D /* SyPToolbarDelegate.m */; };
		E227AE3F1652A0020045679D /* IOKit.framework in Frameworks */ = {isa = PBXBuildFile; fileRef = E227AE3E1652A0020045679D /* IOKit.framework */; };
		E265A3551CCAC0710080C8C0 /* libturbojpeg.0.dylib in Frameworks */ = {isa = PBXBuildFile; fileRef = E265A3541CCABFE00080C8C0 /* libturbojpeg.0.dylib */; };
		E265A3561CCAC0790080C8C0 /* libturbojpeg.0.dylib in CopyFiles */ = {isa = PBXBuildFile; fileRef = E265A3541CCABFE00080C8C0 /* libturbojpeg.0.dylib */; settings = {ATTRIBUTES = (CodeSignOnCopy, ); }; };
		E29174AD1FAB43C500AC9AD3 /* Images.xcassets in Resources */ = {isa = PBXBuildFile; fileRef = E29174AC1FAB43C500AC9AD3 /* Images.xcassets */; };
		E2B4024D15F4F9BE00A2D1C9 /* Cocoa.framework in Frameworks */ = {isa = PBXBuildFile; fileRef = E2B4024C15F4F9BE00A2D1C9 /* Cocoa.framework */; };
		E2B4025715F4F9BE00A2D1C9 /* InfoPlist.strings in Resources */ = {isa = PBXBuildFile; fileRef = E2B4025515F4F9BE00A2D1C9 /* InfoPlist.strings */; };
		E2B4025915F4F9BE00A2D1C9 /* main.m in Sources */ = {isa = PBXBuildFile; fileRef = E2B4025815F4F9BE00A2D1C9 /* main.m */; };
		E2B4026015F4F9BE00A2D1C9 /* SyPAppDelegate.m in Sources */ = {isa = PBXBuildFile; fileRef = E2B4025F15F4F9BE00A2D1C9 /* SyPAppDelegate.m */; };
		E2B4026315F4F9BE00A2D1C9 /* MainMenu.xib in Resources */ = {isa = PBXBuildFile; fileRef = E2B4026115F4F9BE00A2D1C9 /* MainMenu.xib */; };
		E2B4027B15F4FE0400A2D1C9 /* DPP.framework in Frameworks */ = {isa = PBXBuildFile; fileRef = E2B4027415F4FE0400A2D1C9 /* DPP.framework */; };
		E2B4027C15F4FE0400A2D1C9 /* EDSDK.framework in Frameworks */ = {isa = PBXBuildFile; fileRef = E2B4027515F4FE0400A2D1C9 /* EDSDK.framework */; };
		E2B4028715F502E100A2D1C9 /* DPP.framework in CopyFiles */ = {isa = PBXBuildFile; fileRef = E2B4027415F4FE0400A2D1C9 /* DPP.framework */; settings = {ATTRIBUTES = (CodeSignOnCopy, ); }; };
		E2B4028815F502E100A2D1C9 /* EDSDK.framework in CopyFiles */ = {isa = PBXBuildFile; fileRef = E2B4027515F4FE0400A2D1C9 /* EDSDK.framework */; settings = {ATTRIBUTES = (CodeSignOnCopy, ); }; };
		E2B4029915F50E0D00A2D1C9 /* SyPCamera.m in Sources */ = {isa = PBXBuildFile; fileRef = E2B4029815F50E0D00A2D1C9 /* SyPCamera.m */; };
		E2B4029C15F532F200A2D1C9 /* SyPCanonDSLR.m in Sources */ = {isa = PBXBuildFile; fileRef = E2B4029B15F532F200A2D1C9 /* SyPCanonDSLR.m */; };
/* End PBXBuildFile section */

/* Begin PBXCopyFilesBuildPhase section */
		E2B4028615F502D800A2D1C9 /* CopyFiles */ = {
			isa = PBXCopyFilesBuildPhase;
			buildActionMask = 2147483647;
			dstPath = "";
			dstSubfolderSpec = 10;
			files = (
				E225494115F7569900160073 /* Syphon.framework in CopyFiles */,
				E2B4028715F502E100A2D1C9 /* DPP.framework in CopyFiles */,
				E2B4028815F502E100A2D1C9 /* EDSDK.framework in CopyFiles */,
				E265A3561CCAC0790080C8C0 /* libturbojpeg.0.dylib in CopyFiles */,
			);
			runOnlyForDeploymentPostprocessing = 0;
		};
/* End PBXCopyFilesBuildPhase section */

/* Begin PBXFileReference section */
		E225490C15F6289A00160073 /* SyPImage.h */ = {isa = PBXFileReference; fileEncoding = 4; lastKnownFileType = sourcecode.c.h; path = SyPImage.h; sourceTree = "<group>"; };
		E225490D15F6289A00160073 /* SyPImage.m */ = {isa = PBXFileReference; fileEncoding = 4; lastKnownFileType = sourcecode.c.objc; path = SyPImage.m; sourceTree = "<group>"; };
		E225491015F62C6800160073 /* SyPImageBuffer.h */ = {isa = PBXFileReference; fileEncoding = 4; lastKnownFileType = sourcecode.c.h; path = SyPImageBuffer.h; sourceTree = "<group>"; };
		E225491115F62C6800160073 /* SyPImageBuffer.m */ = {isa = PBXFileReference; fileEncoding = 4; lastKnownFileType = sourcecode.c.objc; path = SyPImageBuffer.m; sourceTree = "<group>"; };
		E225491315F62DD200160073 /* SyPCanonEVFImageBuffer.h */ = {isa = PBXFileReference; fileEncoding = 4; lastKnownFileType = sourcecode.c.h; lineEnding = 0; path = SyPCanonEVFImageBuffer.h; sourceTree = "<group>"; xcLanguageSpecificationIdentifier = xcode.lang.objcpp; };
		E225491415F62DD200160073 /* SyPCanonEVFImageBuffer.m */ = {isa = PBXFileReference; fileEncoding = 4; lastKnownFileType = sourcecode.c.objc; lineEnding = 0; path = SyPCanonEVFImageBuffer.m; sourceTree = "<group>"; xcLanguageSpecificationIdentifier = xcode.lang.objc; };
		E225491E15F642D100160073 /* SyPImageFormats.h */ = {isa = PBXFileReference; lastKnownFileType = sourcecode.c.h; path = SyPImageFormats.h; sourceTree = "<group>"; };
		E225492F15F751BF00160073 /* Syphon.framework */ = {isa = PBXFileReference; lastKnownFileType = wrapper.framework; path = Syphon.framework; sourceTree = "<group>"; };
		E225493F15F7531700160073 /* OpenGL.framework */ = {isa = PBXFileReference; lastKnownFileType = wrapper.framework; name = OpenGL.framework; path = System/Library/Frameworks/OpenGL.framework; sourceTree = SDKROOT; };
		E227AE3A1651D6B60045679D /* SyPToolbarDelegate.h */ = {isa = PBXFileReference; fileEncoding = 4; lastKnownFileType = sourcecode.c.h; path = SyPToolbarDelegate.h; sourceTree = "<group>"; };
		E227AE3B1651D6B60045679D /* SyPToolbarDelegate.m */ = {isa = PBXFileReference; fileEncoding = 4; lastKnownFileType = sourcecode.c.objc; path = SyPToolbarDelegate.m; sourceTree = "<group>"; };
		E227AE3E1652A0020045679D /* IOKit.framework */ = {isa = PBXFileReference; lastKnownFileType = wrapper.framework; name = IOKit.framework; path = System/Library/Frameworks/IOKit.framework; sourceTree = SDKROOT; };
		E265A3541CCABFE00080C8C0 /* libturbojpeg.0.dylib */ = {isa = PBXFileReference; lastKnownFileType = "compiled.mach-o.dylib"; name = libturbojpeg.0.dylib; path = "../../../../../opt/libjpeg-turbo/lib/libturbojpeg.0.dylib"; sourceTree = "<group>"; };
		E29174AC1FAB43C500AC9AD3 /* Images.xcassets */ = {isa = PBXFileReference; lastKnownFileType = folder.assetcatalog; path = Images.xcassets; sourceTree = "<group>"; };
		E2B4024815F4F9BE00A2D1C9 /* Camera Live.app */ = {isa = PBXFileReference; explicitFileType = wrapper.application; includeInIndex = 0; path = "Camera Live.app"; sourceTree = BUILT_PRODUCTS_DIR; };
		E2B4024C15F4F9BE00A2D1C9 /* Cocoa.framework */ = {isa = PBXFileReference; lastKnownFileType = wrapper.framework; name = Cocoa.framework; path = System/Library/Frameworks/Cocoa.framework; sourceTree = SDKROOT; };
		E2B4024F15F4F9BE00A2D1C9 /* AppKit.framework */ = {isa = PBXFileReference; lastKnownFileType = wrapper.framework; name = AppKit.framework; path = System/Library/Frameworks/AppKit.framework; sourceTree = SDKROOT; };
		E2B4025015F4F9BE00A2D1C9 /* CoreData.framework */ = {isa = PBXFileReference; lastKnownFileType = wrapper.framework; name = CoreData.framework; path = System/Library/Frameworks/CoreData.framework; sourceTree = SDKROOT; };
		E2B4025115F4F9BE00A2D1C9 /* Foundation.framework */ = {isa = PBXFileReference; lastKnownFileType = wrapper.framework; name = Foundation.framework; path = System/Library/Frameworks/Foundation.framework; sourceTree = SDKROOT; };
		E2B4025415F4F9BE00A2D1C9 /* Camera-Live-Info.plist */ = {isa = PBXFileReference; lastKnownFileType = text.plist.xml; path = "Camera-Live-Info.plist"; sourceTree = "<group>"; };
		E2B4025615F4F9BE00A2D1C9 /* en */ = {isa = PBXFileReference; lastKnownFileType = text.plist.strings; name = en; path = en.lproj/InfoPlist.strings; sourceTree = "<group>"; };
		E2B4025815F4F9BE00A2D1C9 /* main.m */ = {isa = PBXFileReference; lastKnownFileType = sourcecode.c.objc; lineEnding = 0; path = main.m; sourceTree = "<group>"; xcLanguageSpecificationIdentifier = xcode.lang.objc; };
		E2B4025A15F4F9BE00A2D1C9 /* Camera-Live-Prefix.pch */ = {isa = PBXFileReference; lastKnownFileType = sourcecode.c.h; lineEnding = 0; path = "Camera-Live-Prefix.pch"; sourceTree = "<group>"; xcLanguageSpecificationIdentifier = xcode.lang.objc; };
		E2B4025E15F4F9BE00A2D1C9 /* SyPAppDelegate.h */ = {isa = PBXFileReference; lastKnownFileType = sourcecode.c.h; lineEnding = 0; path = SyPAppDelegate.h; sourceTree = "<group>"; xcLanguageSpecificationIdentifier = xcode.lang.objcpp; };
		E2B4025F15F4F9BE00A2D1C9 /* SyPAppDelegate.m */ = {isa = PBXFileReference; lastKnownFileType = sourcecode.c.objc; lineEnding = 0; path = SyPAppDelegate.m; sourceTree = "<group>"; xcLanguageSpecificationIdentifier = xcode.lang.objc; };
		E2B4026215F4F9BE00A2D1C9 /* en */ = {isa = PBXFileReference; lastKnownFileType = file.xib; name = en; path = en.lproj/MainMenu.xib; sourceTree = "<group>"; };
		E2B4027415F4FE0400A2D1C9 /* DPP.framework */ = {isa = PBXFileReference; lastKnownFileType = wrapper.framework; path = DPP.framework; sourceTree = "<group>"; };
		E2B4027515F4FE0400A2D1C9 /* EDSDK.framework */ = {isa = PBXFileReference; lastKnownFileType = wrapper.framework; path = EDSDK.framework; sourceTree = "<group>"; };
		E2B4027715F4FE0400A2D1C9 /* EDSDK.h */ = {isa = PBXFileReference; fileEncoding = 4; lastKnownFileType = sourcecode.c.h; path = EDSDK.h; sourceTree = "<group>"; };
		E2B4027815F4FE0400A2D1C9 /* EDSDKErrors.h */ = {isa = PBXFileReference; fileEncoding = 4; lastKnownFileType = sourcecode.c.h; path = EDSDKErrors.h; sourceTree = "<group>"; };
		E2B4027915F4FE0400A2D1C9 /* EDSDKTypes.h */ = {isa = PBXFileReference; fileEncoding = 4; lastKnownFileType = sourcecode.c.h; path = EDSDKTypes.h; sourceTree = "<group>"; };
		E2B4029715F50E0D00A2D1C9 /* SyPCamera.h */ = {isa = PBXFileReference; fileEncoding = 4; lastKnownFileType = sourcecode.c.h; lineEnding = 0; path = SyPCamera.h; sourceTree = "<group>"; xcLanguageSpecificationIdentifier = xcode.lang.objcpp; };
		E2B4029815F50E0D00A2D1C9 /* SyPCamera.m */ = {isa = PBXFileReference; fileEncoding = 4; lastKnownFileType = sourcecode.c.objc; lineEnding = 0; path = SyPCamera.m; sourceTree = "<group>"; xcLanguageSpecificationIdentifier = xcode.lang.objc; };
		E2B4029A15F532F200A2D1C9 /* SyPCanonDSLR.h */ = {isa = PBXFileReference; fileEncoding = 4; lastKnownFileType = sourcecode.c.h; lineEnding = 0; path = SyPCanonDSLR.h; sourceTree = "<group>"; xcLanguageSpecificationIdentifier = xcode.lang.objcpp; };
		E2B4029B15F532F200A2D1C9 /* SyPCanonDSLR.m */ = {isa = PBXFileReference; fileEncoding = 4; lastKnownFileType = sourcecode.c.objc; lineEnding = 0; path = SyPCanonDSLR.m; sourceTree = "<group>"; xcLanguageSpecificationIdentifier = xcode.lang.objc; };
/* End PBXFileReference section */

/* Begin PBXFrameworksBuildPhase section */
		E2B4024515F4F9BE00A2D1C9 /* Frameworks */ = {
			isa = PBXFrameworksBuildPhase;
			buildActionMask = 2147483647;
			files = (
				E227AE3F1652A0020045679D /* IOKit.framework in Frameworks */,
				E225494015F7531700160073 /* OpenGL.framework in Frameworks */,
				E2B4024D15F4F9BE00A2D1C9 /* Cocoa.framework in Frameworks */,
				E2B4027B15F4FE0400A2D1C9 /* DPP.framework in Frameworks */,
				E2B4027C15F4FE0400A2D1C9 /* EDSDK.framework in Frameworks */,
				E225493015F751BF00160073 /* Syphon.framework in Frameworks */,
				E265A3551CCAC0710080C8C0 /* libturbojpeg.0.dylib in Frameworks */,
			);
			runOnlyForDeploymentPostprocessing = 0;
		};
/* End PBXFrameworksBuildPhase section */

/* Begin PBXGroup section */
		E225490815F58CFB00160073 /* Syphon */ = {
			isa = PBXGroup;
			children = (
				E225492F15F751BF00160073 /* Syphon.framework */,
			);
			path = Syphon;
			sourceTree = "<group>";
		};
		E225490F15F628A600160073 /* Canon */ = {
			isa = PBXGroup;
			children = (
				E2B4029A15F532F200A2D1C9 /* SyPCanonDSLR.h */,
				E2B4029B15F532F200A2D1C9 /* SyPCanonDSLR.m */,
				E225491315F62DD200160073 /* SyPCanonEVFImageBuffer.h */,
				E225491415F62DD200160073 /* SyPCanonEVFImageBuffer.m */,
			);
			name = Canon;
			sourceTree = "<group>";
		};
		E2B4023D15F4F9BE00A2D1C9 = {
			isa = PBXGroup;
			children = (
				E265A3541CCABFE00080C8C0 /* libturbojpeg.0.dylib */,
				E225490815F58CFB00160073 /* Syphon */,
				E2B4027115F4FE0400A2D1C9 /* EDSDK */,
				E2B4025215F4F9BE00A2D1C9 /* Camera Live */,
				E2B4024B15F4F9BE00A2D1C9 /* Frameworks */,
				E2B4024915F4F9BE00A2D1C9 /* Products */,
			);
			sourceTree = "<group>";
		};
		E2B4024915F4F9BE00A2D1C9 /* Products */ = {
			isa = PBXGroup;
			children = (
				E2B4024815F4F9BE00A2D1C9 /* Camera Live.app */,
			);
			name = Products;
			sourceTree = "<group>";
		};
		E2B4024B15F4F9BE00A2D1C9 /* Frameworks */ = {
			isa = PBXGroup;
			children = (
				E227AE3E1652A0020045679D /* IOKit.framework */,
				E2B4024C15F4F9BE00A2D1C9 /* Cocoa.framework */,
				E225493F15F7531700160073 /* OpenGL.framework */,
				E2B4024E15F4F9BE00A2D1C9 /* Other Frameworks */,
			);
			name = Frameworks;
			sourceTree = "<group>";
		};
		E2B4024E15F4F9BE00A2D1C9 /* Other Frameworks */ = {
			isa = PBXGroup;
			children = (
				E2B4024F15F4F9BE00A2D1C9 /* AppKit.framework */,
				E2B4025015F4F9BE00A2D1C9 /* CoreData.framework */,
				E2B4025115F4F9BE00A2D1C9 /* Foundation.framework */,
			);
			name = "Other Frameworks";
			sourceTree = "<group>";
		};
		E2B4025215F4F9BE00A2D1C9 /* Camera Live */ = {
			isa = PBXGroup;
			children = (
				E2B4025E15F4F9BE00A2D1C9 /* SyPAppDelegate.h */,
				E2B4025F15F4F9BE00A2D1C9 /* SyPAppDelegate.m */,
				E227AE3A1651D6B60045679D /* SyPToolbarDelegate.h */,
				E227AE3B1651D6B60045679D /* SyPToolbarDelegate.m */,
				E2B4029715F50E0D00A2D1C9 /* SyPCamera.h */,
				E2B4029815F50E0D00A2D1C9 /* SyPCamera.m */,
				E225491E15F642D100160073 /* SyPImageFormats.h */,
				E225490C15F6289A00160073 /* SyPImage.h */,
				E225490D15F6289A00160073 /* SyPImage.m */,
				E225491015F62C6800160073 /* SyPImageBuffer.h */,
				E225491115F62C6800160073 /* SyPImageBuffer.m */,
				E225490F15F628A600160073 /* Canon */,
				E2B4026115F4F9BE00A2D1C9 /* MainMenu.xib */,
				E29174AC1FAB43C500AC9AD3 /* Images.xcassets */,
				E2B4025315F4F9BE00A2D1C9 /* Supporting Files */,
			);
			path = "Camera Live";
			sourceTree = "<group>";
		};
		E2B4025315F4F9BE00A2D1C9 /* Supporting Files */ = {
			isa = PBXGroup;
			children = (
				E2B4025415F4F9BE00A2D1C9 /* Camera-Live-Info.plist */,
				E2B4025515F4F9BE00A2D1C9 /* InfoPlist.strings */,
				E2B4025815F4F9BE00A2D1C9 /* main.m */,
				E2B4025A15F4F9BE00A2D1C9 /* Camera-Live-Prefix.pch */,
			);
			name = "Supporting Files";
			sourceTree = "<group>";
		};
		E2B4027115F4FE0400A2D1C9 /* EDSDK */ = {
			isa = PBXGroup;
			children = (
				E2B4027315F4FE0400A2D1C9 /* Framework */,
				E2B4027615F4FE0400A2D1C9 /* Header */,
			);
			path = EDSDK;
			sourceTree = "<group>";
		};
		E2B4027315F4FE0400A2D1C9 /* Framework */ = {
			isa = PBXGroup;
			children = (
				E2B4027415F4FE0400A2D1C9 /* DPP.framework */,
				E2B4027515F4FE0400A2D1C9 /* EDSDK.framework */,
			);
			path = Framework;
			sourceTree = "<group>";
		};
		E2B4027615F4FE0400A2D1C9 /* Header */ = {
			isa = PBXGroup;
			children = (
				E2B4027715F4FE0400A2D1C9 /* EDSDK.h */,
				E2B4027815F4FE0400A2D1C9 /* EDSDKErrors.h */,
				E2B4027915F4FE0400A2D1C9 /* EDSDKTypes.h */,
			);
			path = Header;
			sourceTree = "<group>";
		};
/* End PBXGroup section */

/* Begin PBXNativeTarget section */
		E2B4024715F4F9BE00A2D1C9 /* Camera Live */ = {
			isa = PBXNativeTarget;
			buildConfigurationList = E2B4026615F4F9BE00A2D1C9 /* Build configuration list for PBXNativeTarget "Camera Live" */;
			buildPhases = (
				E2B4024415F4F9BE00A2D1C9 /* Sources */,
				E2B4024515F4F9BE00A2D1C9 /* Frameworks */,
				E2B4024615F4F9BE00A2D1C9 /* Resources */,
				E2B4028615F502D800A2D1C9 /* CopyFiles */,
				E265A3571CCAC5300080C8C0 /* ShellScript */,
			);
			buildRules = (
			);
			dependencies = (
			);
			name = "Camera Live";
			productName = Syphamera;
			productReference = E2B4024815F4F9BE00A2D1C9 /* Camera Live.app */;
			productType = "com.apple.product-type.application";
		};
/* End PBXNativeTarget section */

/* Begin PBXProject section */
		E2B4023F15F4F9BE00A2D1C9 /* Project object */ = {
			isa = PBXProject;
			attributes = {
				CLASSPREFIX = SyP;
				LastUpgradeCheck = 0910;
				ORGANIZATIONNAME = "Tom Butterworth";
			};
			buildConfigurationList = E2B4024215F4F9BE00A2D1C9 /* Build configuration list for PBXProject "Camera Live" */;
			compatibilityVersion = "Xcode 3.2";
			developmentRegion = English;
			hasScannedForEncodings = 0;
			knownRegions = (
				en,
			);
			mainGroup = E2B4023D15F4F9BE00A2D1C9;
			productRefGroup = E2B4024915F4F9BE00A2D1C9 /* Products */;
			projectDirPath = "";
			projectRoot = "";
			targets = (
				E2B4024715F4F9BE00A2D1C9 /* Camera Live */,
			);
		};
/* End PBXProject section */

/* Begin PBXResourcesBuildPhase section */
		E2B4024615F4F9BE00A2D1C9 /* Resources */ = {
			isa = PBXResourcesBuildPhase;
			buildActionMask = 2147483647;
			files = (
				E29174AD1FAB43C500AC9AD3 /* Images.xcassets in Resources */,
				E2B4025715F4F9BE00A2D1C9 /* InfoPlist.strings in Resources */,
				E2B4026315F4F9BE00A2D1C9 /* MainMenu.xib in Resources */,
			);
			runOnlyForDeploymentPostprocessing = 0;
		};
/* End PBXResourcesBuildPhase section */

/* Begin PBXShellScriptBuildPhase section */
		E265A3571CCAC5300080C8C0 /* ShellScript */ = {
			isa = PBXShellScriptBuildPhase;
			buildActionMask = 2147483647;
			files = (
			);
			inputPaths = (
			);
			outputPaths = (
			);
			runOnlyForDeploymentPostprocessing = 0;
			shellPath = /bin/sh;
			shellScript = "# change library id\ninstall_name_tool -id @executable_path/../Frameworks/libturbojpeg.0.dylib \"${BUILT_PRODUCTS_DIR}/${FRAMEWORKS_FOLDER_PATH}\"/libturbojpeg.0.dylib\n# link against system libgcc_s\ninstall_name_tool -change /opt/local/lib/libgcc/libgcc_s.1.dylib /usr/lib/libgcc_s.1.dylib \"${BUILT_PRODUCTS_DIR}/${FRAMEWORKS_FOLDER_PATH}\"/libturbojpeg.0.dylib\n# set link in executable to use bundled library\ninstall_name_tool -change /opt/libjpeg-turbo/lib/libturbojpeg.0.dylib @executable_path/../Frameworks/libturbojpeg.0.dylib \"${BUILT_PRODUCTS_DIR}/${EXECUTABLE_PATH}\"";
		};
/* End PBXShellScriptBuildPhase section */

/* Begin PBXSourcesBuildPhase section */
		E2B4024415F4F9BE00A2D1C9 /* Sources */ = {
			isa = PBXSourcesBuildPhase;
			buildActionMask = 2147483647;
			files = (
				E2B4025915F4F9BE00A2D1C9 /* main.m in Sources */,
				E2B4026015F4F9BE00A2D1C9 /* SyPAppDelegate.m in Sources */,
				E2B4029915F50E0D00A2D1C9 /* SyPCamera.m in Sources */,
				E2B4029C15F532F200A2D1C9 /* SyPCanonDSLR.m in Sources */,
				E225490E15F6289A00160073 /* SyPImage.m in Sources */,
				E225491215F62C6800160073 /* SyPImageBuffer.m in Sources */,
				E225491515F62DD200160073 /* SyPCanonEVFImageBuffer.m in Sources */,
				E227AE3C1651D6B60045679D /* SyPToolbarDelegate.m in Sources */,
			);
			runOnlyForDeploymentPostprocessing = 0;
		};
/* End PBXSourcesBuildPhase section */

/* Begin PBXVariantGroup section */
		E2B4025515F4F9BE00A2D1C9 /* InfoPlist.strings */ = {
			isa = PBXVariantGroup;
			children = (
				E2B4025615F4F9BE00A2D1C9 /* en */,
			);
			name = InfoPlist.strings;
			sourceTree = "<group>";
		};
		E2B4026115F4F9BE00A2D1C9 /* MainMenu.xib */ = {
			isa = PBXVariantGroup;
			children = (
				E2B4026215F4F9BE00A2D1C9 /* en */,
			);
			name = MainMenu.xib;
			sourceTree = "<group>";
		};
/* End PBXVariantGroup section */

/* Begin XCBuildConfiguration section */
		E2B4026415F4F9BE00A2D1C9 /* Debug */ = {
			isa = XCBuildConfiguration;
			buildSettings = {
				ALWAYS_SEARCH_USER_PATHS = NO;
				ARCHS = "$(ARCHS_STANDARD_32_BIT)";
				CLANG_CXX_LANGUAGE_STANDARD = "gnu++0x";
				CLANG_ENABLE_OBJC_ARC = NO;
				CLANG_WARN_BLOCK_CAPTURE_AUTORELEASING = YES;
				CLANG_WARN_BOOL_CONVERSION = YES;
				CLANG_WARN_COMMA = YES;
				CLANG_WARN_CONSTANT_CONVERSION = YES;
				CLANG_WARN_EMPTY_BODY = YES;
				CLANG_WARN_ENUM_CONVERSION = YES;
				CLANG_WARN_INFINITE_RECURSION = YES;
				CLANG_WARN_INT_CONVERSION = YES;
				CLANG_WARN_NON_LITERAL_NULL_CONVERSION = YES;
				CLANG_WARN_OBJC_LITERAL_CONVERSION = YES;
				CLANG_WARN_RANGE_LOOP_ANALYSIS = YES;
				CLANG_WARN_STRICT_PROTOTYPES = YES;
				CLANG_WARN_SUSPICIOUS_MOVE = YES;
				CLANG_WARN_UNREACHABLE_CODE = YES;
				CLANG_WARN__DUPLICATE_METHOD_MATCH = YES;
				COPY_PHASE_STRIP = NO;
				ENABLE_STRICT_OBJC_MSGSEND = YES;
				ENABLE_TESTABILITY = YES;
				GCC_C_LANGUAGE_STANDARD = gnu99;
				GCC_DYNAMIC_NO_PIC = NO;
				GCC_ENABLE_OBJC_EXCEPTIONS = YES;
				GCC_NO_COMMON_BLOCKS = YES;
				GCC_OPTIMIZATION_LEVEL = 0;
				GCC_PREPROCESSOR_DEFINITIONS = (
					"DEBUG=1",
					"$(inherited)",
				);
				GCC_SYMBOLS_PRIVATE_EXTERN = NO;
				GCC_WARN_64_TO_32_BIT_CONVERSION = YES;
				GCC_WARN_ABOUT_RETURN_TYPE = YES;
				GCC_WARN_UNDECLARED_SELECTOR = YES;
				GCC_WARN_UNINITIALIZED_AUTOS = YES;
				GCC_WARN_UNUSED_FUNCTION = YES;
				GCC_WARN_UNUSED_VARIABLE = YES;
				MACOSX_DEPLOYMENT_TARGET = 10.8;
				ONLY_ACTIVE_ARCH = YES;
				SDKROOT = macosx;
			};
			name = Debug;
		};
		E2B4026515F4F9BE00A2D1C9 /* Release */ = {
			isa = XCBuildConfiguration;
			buildSettings = {
				ALWAYS_SEARCH_USER_PATHS = NO;
				ARCHS = "$(ARCHS_STANDARD_32_BIT)";
				CLANG_CXX_LANGUAGE_STANDARD = "gnu++0x";
				CLANG_ENABLE_OBJC_ARC = NO;
				CLANG_WARN_BLOCK_CAPTURE_AUTORELEASING = YES;
				CLANG_WARN_BOOL_CONVERSION = YES;
				CLANG_WARN_COMMA = YES;
				CLANG_WARN_CONSTANT_CONVERSION = YES;
				CLANG_WARN_EMPTY_BODY = YES;
				CLANG_WARN_ENUM_CONVERSION = YES;
				CLANG_WARN_INFINITE_RECURSION = YES;
				CLANG_WARN_INT_CONVERSION = YES;
				CLANG_WARN_NON_LITERAL_NULL_CONVERSION = YES;
				CLANG_WARN_OBJC_LITERAL_CONVERSION = YES;
				CLANG_WARN_RANGE_LOOP_ANALYSIS = YES;
				CLANG_WARN_STRICT_PROTOTYPES = YES;
				CLANG_WARN_SUSPICIOUS_MOVE = YES;
				CLANG_WARN_UNREACHABLE_CODE = YES;
				CLANG_WARN__DUPLICATE_METHOD_MATCH = YES;
				COPY_PHASE_STRIP = YES;
				DEBUG_INFORMATION_FORMAT = "dwarf-with-dsym";
				ENABLE_STRICT_OBJC_MSGSEND = YES;
				GCC_C_LANGUAGE_STANDARD = gnu99;
				GCC_ENABLE_OBJC_EXCEPTIONS = YES;
				GCC_NO_COMMON_BLOCKS = YES;
				GCC_WARN_64_TO_32_BIT_CONVERSION = YES;
				GCC_WARN_ABOUT_RETURN_TYPE = YES;
				GCC_WARN_UNDECLARED_SELECTOR = YES;
				GCC_WARN_UNINITIALIZED_AUTOS = YES;
				GCC_WARN_UNUSED_FUNCTION = YES;
				GCC_WARN_UNUSED_VARIABLE = YES;
				MACOSX_DEPLOYMENT_TARGET = 10.8;
				SDKROOT = macosx;
			};
			name = Release;
		};
		E2B4026715F4F9BE00A2D1C9 /* Debug */ = {
			isa = XCBuildConfiguration;
			buildSettings = {
				ASSETCATALOG_COMPILER_APPICON_NAME = AppIcon;
				COMBINE_HIDPI_IMAGES = YES;
				FRAMEWORK_SEARCH_PATHS = (
					"$(inherited)",
					"\"$(SRCROOT)/EDSDK/Framework\"",
					"\"$(SRCROOT)/Syphon\"",
				);
				GCC_PRECOMPILE_PREFIX_HEADER = YES;
				GCC_PREFIX_HEADER = "Camera Live/Camera-Live-Prefix.pch";
				HEADER_SEARCH_PATHS = "/opt/libjpeg-turbo/include";
				INFOPLIST_FILE = "Camera Live/Camera-Live-Info.plist";
				LD_RUNPATH_SEARCH_PATHS = "@executable_path/../Frameworks";
				LIBRARY_SEARCH_PATHS = (
					"$(inherited)",
					"/opt/libjpeg-turbo/lib",
				);
				OTHER_CODE_SIGN_FLAGS = "--deep";
				PRODUCT_BUNDLE_IDENTIFIER = "info.v002.${PRODUCT_NAME:rfc1034identifier}";
				PRODUCT_NAME = "Camera Live";
				WRAPPER_EXTENSION = app;
			};
			name = Debug;
		};
		E2B4026815F4F9BE00A2D1C9 /* Release */ = {
			isa = XCBuildConfiguration;
			buildSettings = {
				ASSETCATALOG_COMPILER_APPICON_NAME = AppIcon;
				COMBINE_HIDPI_IMAGES = YES;
				FRAMEWORK_SEARCH_PATHS = (
					"$(inherited)",
					"\"$(SRCROOT)/EDSDK/Framework\"",
					"\"$(SRCROOT)/Syphon\"",
				);
				GCC_PRECOMPILE_PREFIX_HEADER = YES;
				GCC_PREFIX_HEADER = "Camera Live/Camera-Live-Prefix.pch";
				HEADER_SEARCH_PATHS = "/opt/libjpeg-turbo/include";
				INFOPLIST_FILE = "Camera Live/Camera-Live-Info.plist";
				LD_RUNPATH_SEARCH_PATHS = "@executable_path/../Frameworks";
				LIBRARY_SEARCH_PATHS = (
					"$(inherited)",
					"/opt/libjpeg-turbo/lib",
				);
				OTHER_CODE_SIGN_FLAGS = "--deep";
				PRODUCT_BUNDLE_IDENTIFIER = "info.v002.${PRODUCT_NAME:rfc1034identifier}";
				PRODUCT_NAME = "Camera Live";
				WRAPPER_EXTENSION = app;
			};
			name = Release;
		};
/* End XCBuildConfiguration section */

/* Begin XCConfigurationList section */
		E2B4024215F4F9BE00A2D1C9 /* Build configuration list for PBXProject "Camera Live" */ = {
			isa = XCConfigurationList;
			buildConfigurations = (
				E2B4026415F4F9BE00A2D1C9 /* Debug */,
				E2B4026515F4F9BE00A2D1C9 /* Release */,
			);
			defaultConfigurationIsVisible = 0;
			defaultConfigurationName = Release;
		};
		E2B4026615F4F9BE00A2D1C9 /* Build configuration list for PBXNativeTarget "Camera Live" */ = {
			isa = XCConfigurationList;
			buildConfigurations = (
				E2B4026715F4F9BE00A2D1C9 /* Debug */,
				E2B4026815F4F9BE00A2D1C9 /* Release */,
			);
			defaultConfigurationIsVisible = 0;
			defaultConfigurationName = Release;
		};
/* End XCConfigurationList section */
	};
	rootObject = E2B4023F15F4F9BE00A2D1C9 /* Project object */;
}
