// !$*UTF8*$!
{
	archiveVersion = 1;
	classes = {
	};
	objectVersion = 46;
	objects = {

/* Begin PBXBuildFile section */
		E2B4024D15F4F9BE00A2D1C9 /* Cocoa.framework in Frameworks */ = {isa = PBXBuildFile; fileRef = E2B4024C15F4F9BE00A2D1C9 /* Cocoa.framework */; };
		E2B4025715F4F9BE00A2D1C9 /* InfoPlist.strings in Resources */ = {isa = PBXBuildFile; fileRef = E2B4025515F4F9BE00A2D1C9 /* InfoPlist.strings */; };
		E2B4025915F4F9BE00A2D1C9 /* main.m in Sources */ = {isa = PBXBuildFile; fileRef = E2B4025815F4F9BE00A2D1C9 /* main.m */; };
		E2B4025D15F4F9BE00A2D1C9 /* Credits.rtf in Resources */ = {isa = PBXBuildFile; fileRef = E2B4025B15F4F9BE00A2D1C9 /* Credits.rtf */; };
		E2B4026015F4F9BE00A2D1C9 /* SyPAppDelegate.m in Sources */ = {isa = PBXBuildFile; fileRef = E2B4025F15F4F9BE00A2D1C9 /* SyPAppDelegate.m */; };
		E2B4026315F4F9BE00A2D1C9 /* MainMenu.xib in Resources */ = {isa = PBXBuildFile; fileRef = E2B4026115F4F9BE00A2D1C9 /* MainMenu.xib */; };
/* End PBXBuildFile section */

/* Begin PBXFileReference section */
		E2B4024815F4F9BE00A2D1C9 /* Syphamera.app */ = {isa = PBXFileReference; explicitFileType = wrapper.application; includeInIndex = 0; path = Syphamera.app; sourceTree = BUILT_PRODUCTS_DIR; };
		E2B4024C15F4F9BE00A2D1C9 /* Cocoa.framework */ = {isa = PBXFileReference; lastKnownFileType = wrapper.framework; name = Cocoa.framework; path = System/Library/Frameworks/Cocoa.framework; sourceTree = SDKROOT; };
		E2B4024F15F4F9BE00A2D1C9 /* AppKit.framework */ = {isa = PBXFileReference; lastKnownFileType = wrapper.framework; name = AppKit.framework; path = System/Library/Frameworks/AppKit.framework; sourceTree = SDKROOT; };
		E2B4025015F4F9BE00A2D1C9 /* CoreData.framework */ = {isa = PBXFileReference; lastKnownFileType = wrapper.framework; name = CoreData.framework; path = System/Library/Frameworks/CoreData.framework; sourceTree = SDKROOT; };
		E2B4025115F4F9BE00A2D1C9 /* Foundation.framework */ = {isa = PBXFileReference; lastKnownFileType = wrapper.framework; name = Foundation.framework; path = System/Library/Frameworks/Foundation.framework; sourceTree = SDKROOT; };
		E2B4025415F4F9BE00A2D1C9 /* Syphamera-Info.plist */ = {isa = PBXFileReference; lastKnownFileType = text.plist.xml; path = "Syphamera-Info.plist"; sourceTree = "<group>"; };
		E2B4025615F4F9BE00A2D1C9 /* en */ = {isa = PBXFileReference; lastKnownFileType = text.plist.strings; name = en; path = en.lproj/InfoPlist.strings; sourceTree = "<group>"; };
		E2B4025815F4F9BE00A2D1C9 /* main.m */ = {isa = PBXFileReference; lastKnownFileType = sourcecode.c.objc; path = main.m; sourceTree = "<group>"; };
		E2B4025A15F4F9BE00A2D1C9 /* Syphamera-Prefix.pch */ = {isa = PBXFileReference; lastKnownFileType = sourcecode.c.h; path = "Syphamera-Prefix.pch"; sourceTree = "<group>"; };
		E2B4025C15F4F9BE00A2D1C9 /* en */ = {isa = PBXFileReference; lastKnownFileType = text.rtf; name = en; path = en.lproj/Credits.rtf; sourceTree = "<group>"; };
		E2B4025E15F4F9BE00A2D1C9 /* SyPAppDelegate.h */ = {isa = PBXFileReference; lastKnownFileType = sourcecode.c.h; path = SyPAppDelegate.h; sourceTree = "<group>"; };
		E2B4025F15F4F9BE00A2D1C9 /* SyPAppDelegate.m */ = {isa = PBXFileReference; lastKnownFileType = sourcecode.c.objc; path = SyPAppDelegate.m; sourceTree = "<group>"; };
		E2B4026215F4F9BE00A2D1C9 /* en */ = {isa = PBXFileReference; lastKnownFileType = file.xib; name = en; path = en.lproj/MainMenu.xib; sourceTree = "<group>"; };
/* End PBXFileReference section */

/* Begin PBXFrameworksBuildPhase section */
		E2B4024515F4F9BE00A2D1C9 /* Frameworks */ = {
			isa = PBXFrameworksBuildPhase;
			buildActionMask = 2147483647;
			files = (
				E2B4024D15F4F9BE00A2D1C9 /* Cocoa.framework in Frameworks */,
			);
			runOnlyForDeploymentPostprocessing = 0;
		};
/* End PBXFrameworksBuildPhase section */

/* Begin PBXGroup section */
		E2B4023D15F4F9BE00A2D1C9 = {
			isa = PBXGroup;
			children = (
				E2B4025215F4F9BE00A2D1C9 /* Syphamera */,
				E2B4024B15F4F9BE00A2D1C9 /* Frameworks */,
				E2B4024915F4F9BE00A2D1C9 /* Products */,
			);
			sourceTree = "<group>";
		};
		E2B4024915F4F9BE00A2D1C9 /* Products */ = {
			isa = PBXGroup;
			children = (
				E2B4024815F4F9BE00A2D1C9 /* Syphamera.app */,
			);
			name = Products;
			sourceTree = "<group>";
		};
		E2B4024B15F4F9BE00A2D1C9 /* Frameworks */ = {
			isa = PBXGroup;
			children = (
				E2B4024C15F4F9BE00A2D1C9 /* Cocoa.framework */,
				E2B4024E15F4F9BE00A2D1C9 /* Other Frameworks */,
			);
			name = Frameworks;
			sourceTree = "<group>";
		};
		E2B4024E15F4F9BE00A2D1C9 /* Other Frameworks */ = {
			isa = PBXGroup;
			children = (
				E2B4024F15F4F9BE00A2D1C9 /* AppKit.framework */,
				E2B4025015F4F9BE00A2D1C9 /* CoreData.framework */,
				E2B4025115F4F9BE00A2D1C9 /* Foundation.framework */,
			);
			name = "Other Frameworks";
			sourceTree = "<group>";
		};
		E2B4025215F4F9BE00A2D1C9 /* Syphamera */ = {
			isa = PBXGroup;
			children = (
				E2B4025E15F4F9BE00A2D1C9 /* SyPAppDelegate.h */,
				E2B4025F15F4F9BE00A2D1C9 /* SyPAppDelegate.m */,
				E2B4026115F4F9BE00A2D1C9 /* MainMenu.xib */,
				E2B4025315F4F9BE00A2D1C9 /* Supporting Files */,
			);
			path = Syphamera;
			sourceTree = "<group>";
		};
		E2B4025315F4F9BE00A2D1C9 /* Supporting Files */ = {
			isa = PBXGroup;
			children = (
				E2B4025415F4F9BE00A2D1C9 /* Syphamera-Info.plist */,
				E2B4025515F4F9BE00A2D1C9 /* InfoPlist.strings */,
				E2B4025815F4F9BE00A2D1C9 /* main.m */,
				E2B4025A15F4F9BE00A2D1C9 /* Syphamera-Prefix.pch */,
				E2B4025B15F4F9BE00A2D1C9 /* Credits.rtf */,
			);
			name = "Supporting Files";
			sourceTree = "<group>";
		};
/* End PBXGroup section */

/* Begin PBXNativeTarget section */
		E2B4024715F4F9BE00A2D1C9 /* Syphamera */ = {
			isa = PBXNativeTarget;
			buildConfigurationList = E2B4026615F4F9BE00A2D1C9 /* Build configuration list for PBXNativeTarget "Syphamera" */;
			buildPhases = (
				E2B4024415F4F9BE00A2D1C9 /* Sources */,
				E2B4024515F4F9BE00A2D1C9 /* Frameworks */,
				E2B4024615F4F9BE00A2D1C9 /* Resources */,
			);
			buildRules = (
			);
			dependencies = (
			);
			name = Syphamera;
			productName = Syphamera;
			productReference = E2B4024815F4F9BE00A2D1C9 /* Syphamera.app */;
			productType = "com.apple.product-type.application";
		};
/* End PBXNativeTarget section */

/* Begin PBXProject section */
		E2B4023F15F4F9BE00A2D1C9 /* Project object */ = {
			isa = PBXProject;
			attributes = {
				CLASSPREFIX = SyP;
				LastUpgradeCheck = 0440;
				ORGANIZATIONNAME = "Tom Butterworth";
			};
			buildConfigurationList = E2B4024215F4F9BE00A2D1C9 /* Build configuration list for PBXProject "Syphamera" */;
			compatibilityVersion = "Xcode 3.2";
			developmentRegion = English;
			hasScannedForEncodings = 0;
			knownRegions = (
				en,
			);
			mainGroup = E2B4023D15F4F9BE00A2D1C9;
			productRefGroup = E2B4024915F4F9BE00A2D1C9 /* Products */;
			projectDirPath = "";
			projectRoot = "";
			targets = (
				E2B4024715F4F9BE00A2D1C9 /* Syphamera */,
			);
		};
/* End PBXProject section */

/* Begin PBXResourcesBuildPhase section */
		E2B4024615F4F9BE00A2D1C9 /* Resources */ = {
			isa = PBXResourcesBuildPhase;
			buildActionMask = 2147483647;
			files = (
				E2B4025715F4F9BE00A2D1C9 /* InfoPlist.strings in Resources */,
				E2B4025D15F4F9BE00A2D1C9 /* Credits.rtf in Resources */,
				E2B4026315F4F9BE00A2D1C9 /* MainMenu.xib in Resources */,
			);
			runOnlyForDeploymentPostprocessing = 0;
		};
/* End PBXResourcesBuildPhase section */

/* Begin PBXSourcesBuildPhase section */
		E2B4024415F4F9BE00A2D1C9 /* Sources */ = {
			isa = PBXSourcesBuildPhase;
			buildActionMask = 2147483647;
			files = (
				E2B4025915F4F9BE00A2D1C9 /* main.m in Sources */,
				E2B4026015F4F9BE00A2D1C9 /* SyPAppDelegate.m in Sources */,
			);
			runOnlyForDeploymentPostprocessing = 0;
		};
/* End PBXSourcesBuildPhase section */

/* Begin PBXVariantGroup section */
		E2B4025515F4F9BE00A2D1C9 /* InfoPlist.strings */ = {
			isa = PBXVariantGroup;
			children = (
				E2B4025615F4F9BE00A2D1C9 /* en */,
			);
			name = InfoPlist.strings;
			sourceTree = "<group>";
		};
		E2B4025B15F4F9BE00A2D1C9 /* Credits.rtf */ = {
			isa = PBXVariantGroup;
			children = (
				E2B4025C15F4F9BE00A2D1C9 /* en */,
			);
			name = Credits.rtf;
			sourceTree = "<group>";
		};
		E2B4026115F4F9BE00A2D1C9 /* MainMenu.xib */ = {
			isa = PBXVariantGroup;
			children = (
				E2B4026215F4F9BE00A2D1C9 /* en */,
			);
			name = MainMenu.xib;
			sourceTree = "<group>";
		};
/* End PBXVariantGroup section */

/* Begin XCBuildConfiguration section */
		E2B4026415F4F9BE00A2D1C9 /* Debug */ = {
			isa = XCBuildConfiguration;
			buildSettings = {
				ALWAYS_SEARCH_USER_PATHS = NO;
				ARCHS = "$(ARCHS_STANDARD_64_BIT)";
				CLANG_CXX_LANGUAGE_STANDARD = "gnu++0x";
				CLANG_ENABLE_OBJC_ARC = YES;
				CLANG_WARN__DUPLICATE_METHOD_MATCH = YES;
				COPY_PHASE_STRIP = NO;
				GCC_C_LANGUAGE_STANDARD = gnu99;
				GCC_DYNAMIC_NO_PIC = NO;
				GCC_ENABLE_OBJC_EXCEPTIONS = YES;
				GCC_OPTIMIZATION_LEVEL = 0;
				GCC_PREPROCESSOR_DEFINITIONS = (
					"DEBUG=1",
					"$(inherited)",
				);
				GCC_SYMBOLS_PRIVATE_EXTERN = NO;
				GCC_WARN_64_TO_32_BIT_CONVERSION = YES;
				GCC_WARN_ABOUT_RETURN_TYPE = YES;
				GCC_WARN_UNINITIALIZED_AUTOS = YES;
				GCC_WARN_UNUSED_VARIABLE = YES;
				MACOSX_DEPLOYMENT_TARGET = 10.8;
				ONLY_ACTIVE_ARCH = YES;
				SDKROOT = macosx;
			};
			name = Debug;
		};
		E2B4026515F4F9BE00A2D1C9 /* Release */ = {
			isa = XCBuildConfiguration;
			buildSettings = {
				ALWAYS_SEARCH_USER_PATHS = NO;
				ARCHS = "$(ARCHS_STANDARD_64_BIT)";
				CLANG_CXX_LANGUAGE_STANDARD = "gnu++0x";
				CLANG_ENABLE_OBJC_ARC = YES;
				CLANG_WARN__DUPLICATE_METHOD_MATCH = YES;
				COPY_PHASE_STRIP = YES;
				DEBUG_INFORMATION_FORMAT = "dwarf-with-dsym";
				GCC_C_LANGUAGE_STANDARD = gnu99;
				GCC_ENABLE_OBJC_EXCEPTIONS = YES;
				GCC_WARN_64_TO_32_BIT_CONVERSION = YES;
				GCC_WARN_ABOUT_RETURN_TYPE = YES;
				GCC_WARN_UNINITIALIZED_AUTOS = YES;
				GCC_WARN_UNUSED_VARIABLE = YES;
				MACOSX_DEPLOYMENT_TARGET = 10.8;
				SDKROOT = macosx;
			};
			name = Release;
		};
		E2B4026715F4F9BE00A2D1C9 /* Debug */ = {
			isa = XCBuildConfiguration;
			buildSettings = {
				COMBINE_HIDPI_IMAGES = YES;
				GCC_PRECOMPILE_PREFIX_HEADER = YES;
				GCC_PREFIX_HEADER = "Syphamera/Syphamera-Prefix.pch";
				INFOPLIST_FILE = "Syphamera/Syphamera-Info.plist";
				PRODUCT_NAME = "$(TARGET_NAME)";
				WRAPPER_EXTENSION = app;
			};
			name = Debug;
		};
		E2B4026815F4F9BE00A2D1C9 /* Release */ = {
			isa = XCBuildConfiguration;
			buildSettings = {
				COMBINE_HIDPI_IMAGES = YES;
				GCC_PRECOMPILE_PREFIX_HEADER = YES;
				GCC_PREFIX_HEADER = "Syphamera/Syphamera-Prefix.pch";
				INFOPLIST_FILE = "Syphamera/Syphamera-Info.plist";
				PRODUCT_NAME = "$(TARGET_NAME)";
				WRAPPER_EXTENSION = app;
			};
			name = Release;
		};
/* End XCBuildConfiguration section */

/* Begin XCConfigurationList section */
		E2B4024215F4F9BE00A2D1C9 /* Build configuration list for PBXProject "Syphamera" */ = {
			isa = XCConfigurationList;
			buildConfigurations = (
				E2B4026415F4F9BE00A2D1C9 /* Debug */,
				E2B4026515F4F9BE00A2D1C9 /* Release */,
			);
			defaultConfigurationIsVisible = 0;
			defaultConfigurationName = Release;
		};
		E2B4026615F4F9BE00A2D1C9 /* Build configuration list for PBXNativeTarget "Syphamera" */ = {
			isa = XCConfigurationList;
			buildConfigurations = (
				E2B4026715F4F9BE00A2D1C9 /* Debug */,
				E2B4026815F4F9BE00A2D1C9 /* Release */,
			);
			defaultConfigurationIsVisible = 0;
		};
/* End XCConfigurationList section */
	};
	rootObject = E2B4023F15F4F9BE00A2D1C9 /* Project object */;
}
